// !$*UTF8*$!
{
	archiveVersion = 1;
	classes = {
	};
	objectVersion = 56;
	objects = {

/* Begin PBXBuildFile section */
		BF2973102C8667AC0029F361 /* RemindWalliOSApp.swift in Sources */ = {isa = PBXBuildFile; fileRef = BF29730F2C8667AC0029F361 /* RemindWalliOSApp.swift */; };
		BF2973162C8667AD0029F361 /* Assets.xcassets in Resources */ = {isa = PBXBuildFile; fileRef = BF2973152C8667AD0029F361 /* Assets.xcassets */; };
		BF2973192C8667AD0029F361 /* Preview Assets.xcassets in Resources */ = {isa = PBXBuildFile; fileRef = BF2973182C8667AD0029F361 /* Preview Assets.xcassets */; };
		BF29731F2C86688C0029F361 /* AppNavigation in Frameworks */ = {isa = PBXBuildFile; productRef = BF29731E2C86688C0029F361 /* AppNavigation */; };
		BF4E60BF2C44458200BAC4F2 /* EditSettings in Frameworks */ = {isa = PBXBuildFile; productRef = BF4E60BE2C44458200BAC4F2 /* EditSettings */; };
		BFE60AD42C4418E200E8AB67 /* RemindWallApp.swift in Sources */ = {isa = PBXBuildFile; fileRef = BFE60AD32C4418E200E8AB67 /* RemindWallApp.swift */; };
		BFE60ADA2C4418E300E8AB67 /* Assets.xcassets in Resources */ = {isa = PBXBuildFile; fileRef = BFE60AD92C4418E300E8AB67 /* Assets.xcassets */; };
		BFE60ADE2C4418E300E8AB67 /* Preview Assets.xcassets in Resources */ = {isa = PBXBuildFile; fileRef = BFE60ADD2C4418E300E8AB67 /* Preview Assets.xcassets */; };
		BFE60AE92C441A0900E8AB67 /* AppNavigation in Frameworks */ = {isa = PBXBuildFile; productRef = BFE60AE82C441A0900E8AB67 /* AppNavigation */; };
/* End PBXBuildFile section */

/* Begin PBXFileReference section */
		BF29730D2C8667AC0029F361 /* RemindWalliOS.app */ = {isa = PBXFileReference; explicitFileType = wrapper.application; includeInIndex = 0; path = RemindWalliOS.app; sourceTree = BUILT_PRODUCTS_DIR; };
		BF29730F2C8667AC0029F361 /* RemindWalliOSApp.swift */ = {isa = PBXFileReference; lastKnownFileType = sourcecode.swift; path = RemindWalliOSApp.swift; sourceTree = "<group>"; };
		BF2973152C8667AD0029F361 /* Assets.xcassets */ = {isa = PBXFileReference; lastKnownFileType = folder.assetcatalog; path = Assets.xcassets; sourceTree = "<group>"; };
		BF2973182C8667AD0029F361 /* Preview Assets.xcassets */ = {isa = PBXFileReference; lastKnownFileType = folder.assetcatalog; path = "Preview Assets.xcassets"; sourceTree = "<group>"; };
		BF29731D2C8668430029F361 /* Info.plist */ = {isa = PBXFileReference; lastKnownFileType = text.plist; path = Info.plist; sourceTree = "<group>"; };
		BF2973202C8669050029F361 /* RemindWalliOS.entitlements */ = {isa = PBXFileReference; lastKnownFileType = text.plist.entitlements; path = RemindWalliOS.entitlements; sourceTree = "<group>"; };
		BFE331172C4440CA0095F675 /* Info.plist */ = {isa = PBXFileReference; lastKnownFileType = text.plist; path = Info.plist; sourceTree = "<group>"; };
		BFE60AD02C4418E200E8AB67 /* RemindWall.app */ = {isa = PBXFileReference; explicitFileType = wrapper.application; includeInIndex = 0; path = RemindWall.app; sourceTree = BUILT_PRODUCTS_DIR; };
		BFE60AD32C4418E200E8AB67 /* RemindWallApp.swift */ = {isa = PBXFileReference; lastKnownFileType = sourcecode.swift; path = RemindWallApp.swift; sourceTree = "<group>"; };
		BFE60AD92C4418E300E8AB67 /* Assets.xcassets */ = {isa = PBXFileReference; lastKnownFileType = folder.assetcatalog; path = Assets.xcassets; sourceTree = "<group>"; };
		BFE60ADB2C4418E300E8AB67 /* RemindWall.entitlements */ = {isa = PBXFileReference; lastKnownFileType = text.plist.entitlements; path = RemindWall.entitlements; sourceTree = "<group>"; };
		BFE60ADD2C4418E300E8AB67 /* Preview Assets.xcassets */ = {isa = PBXFileReference; lastKnownFileType = folder.assetcatalog; path = "Preview Assets.xcassets"; sourceTree = "<group>"; };
		BFE60AE42C44191F00E8AB67 /* RWPureSwift */ = {isa = PBXFileReference; lastKnownFileType = wrapper; path = RWPureSwift; sourceTree = "<group>"; };
		BFE60AE52C44194F00E8AB67 /* ci_post_clone.sh */ = {isa = PBXFileReference; lastKnownFileType = text.script.sh; path = ci_post_clone.sh; sourceTree = "<group>"; };
/* End PBXFileReference section */

/* Begin PBXFrameworksBuildPhase section */
		BF29730A2C8667AC0029F361 /* Frameworks */ = {
			isa = PBXFrameworksBuildPhase;
			buildActionMask = 2147483647;
			files = (
				BF29731F2C86688C0029F361 /* AppNavigation in Frameworks */,
			);
			runOnlyForDeploymentPostprocessing = 0;
		};
		BFE60ACD2C4418E200E8AB67 /* Frameworks */ = {
			isa = PBXFrameworksBuildPhase;
			buildActionMask = 2147483647;
			files = (
				BFE60AE92C441A0900E8AB67 /* AppNavigation in Frameworks */,
				BF4E60BF2C44458200BAC4F2 /* EditSettings in Frameworks */,
			);
			runOnlyForDeploymentPostprocessing = 0;
		};
/* End PBXFrameworksBuildPhase section */

/* Begin PBXGroup section */
		BF29730E2C8667AC0029F361 /* RemindWalliOS */ = {
			isa = PBXGroup;
			children = (
				BF2973202C8669050029F361 /* RemindWalliOS.entitlements */,
				BF29731D2C8668430029F361 /* Info.plist */,
				BF29730F2C8667AC0029F361 /* RemindWalliOSApp.swift */,
				BF2973152C8667AD0029F361 /* Assets.xcassets */,
				BF2973172C8667AD0029F361 /* Preview Content */,
			);
			path = RemindWalliOS;
			sourceTree = "<group>";
		};
		BF2973172C8667AD0029F361 /* Preview Content */ = {
			isa = PBXGroup;
			children = (
				BF2973182C8667AD0029F361 /* Preview Assets.xcassets */,
			);
			path = "Preview Content";
			sourceTree = "<group>";
		};
		BFE60AC72C4418E200E8AB67 = {
			isa = PBXGroup;
			children = (
				BFE60AE62C44194F00E8AB67 /* ci_scripts */,
				BFE60AE42C44191F00E8AB67 /* RWPureSwift */,
				BFE60AD22C4418E200E8AB67 /* RemindWall */,
				BF29730E2C8667AC0029F361 /* RemindWalliOS */,
				BFE60AD12C4418E200E8AB67 /* Products */,
				BFE60AE72C441A0900E8AB67 /* Frameworks */,
			);
			sourceTree = "<group>";
		};
		BFE60AD12C4418E200E8AB67 /* Products */ = {
			isa = PBXGroup;
			children = (
				BFE60AD02C4418E200E8AB67 /* RemindWall.app */,
				BF29730D2C8667AC0029F361 /* RemindWalliOS.app */,
			);
			name = Products;
			sourceTree = "<group>";
		};
		BFE60AD22C4418E200E8AB67 /* RemindWall */ = {
			isa = PBXGroup;
			children = (
				BFE331172C4440CA0095F675 /* Info.plist */,
				BFE60AD32C4418E200E8AB67 /* RemindWallApp.swift */,
				BFE60AD92C4418E300E8AB67 /* Assets.xcassets */,
				BFE60ADB2C4418E300E8AB67 /* RemindWall.entitlements */,
				BFE60ADC2C4418E300E8AB67 /* Preview Content */,
			);
			path = RemindWall;
			sourceTree = "<group>";
		};
		BFE60ADC2C4418E300E8AB67 /* Preview Content */ = {
			isa = PBXGroup;
			children = (
				BFE60ADD2C4418E300E8AB67 /* Preview Assets.xcassets */,
			);
			path = "Preview Content";
			sourceTree = "<group>";
		};
		BFE60AE62C44194F00E8AB67 /* ci_scripts */ = {
			isa = PBXGroup;
			children = (
				BFE60AE52C44194F00E8AB67 /* ci_post_clone.sh */,
			);
			path = ci_scripts;
			sourceTree = "<group>";
		};
		BFE60AE72C441A0900E8AB67 /* Frameworks */ = {
			isa = PBXGroup;
			children = (
			);
			name = Frameworks;
			sourceTree = "<group>";
		};
/* End PBXGroup section */

/* Begin PBXNativeTarget section */
		BF29730C2C8667AC0029F361 /* RemindWalliOS */ = {
			isa = PBXNativeTarget;
			buildConfigurationList = BF29731C2C8667AD0029F361 /* Build configuration list for PBXNativeTarget "RemindWalliOS" */;
			buildPhases = (
				BF2973092C8667AC0029F361 /* Sources */,
				BF29730A2C8667AC0029F361 /* Frameworks */,
				BF29730B2C8667AC0029F361 /* Resources */,
			);
			buildRules = (
			);
			dependencies = (
			);
			name = RemindWalliOS;
			packageProductDependencies = (
				BF29731E2C86688C0029F361 /* AppNavigation */,
			);
			productName = RemindWalliOS;
			productReference = BF29730D2C8667AC0029F361 /* RemindWalliOS.app */;
			productType = "com.apple.product-type.application";
		};
		BFE60ACF2C4418E200E8AB67 /* RemindWall */ = {
			isa = PBXNativeTarget;
			buildConfigurationList = BFE60AE12C4418E300E8AB67 /* Build configuration list for PBXNativeTarget "RemindWall" */;
			buildPhases = (
				BFE60ACC2C4418E200E8AB67 /* Sources */,
				BFE60ACD2C4418E200E8AB67 /* Frameworks */,
				BFE60ACE2C4418E200E8AB67 /* Resources */,
			);
			buildRules = (
			);
			dependencies = (
			);
			name = RemindWall;
			packageProductDependencies = (
				BFE60AE82C441A0900E8AB67 /* AppNavigation */,
				BF4E60BE2C44458200BAC4F2 /* EditSettings */,
			);
			productName = RemindWall;
			productReference = BFE60AD02C4418E200E8AB67 /* RemindWall.app */;
			productType = "com.apple.product-type.application";
		};
/* End PBXNativeTarget section */

/* Begin PBXProject section */
		BFE60AC82C4418E200E8AB67 /* Project object */ = {
			isa = PBXProject;
			attributes = {
				BuildIndependentTargetsInParallel = 1;
				LastSwiftUpdateCheck = 1540;
				LastUpgradeCheck = 1540;
				TargetAttributes = {
					BF29730C2C8667AC0029F361 = {
						CreatedOnToolsVersion = 15.4;
					};
					BFE60ACF2C4418E200E8AB67 = {
						CreatedOnToolsVersion = 15.4;
					};
				};
			};
			buildConfigurationList = BFE60ACB2C4418E200E8AB67 /* Build configuration list for PBXProject "RemindWall" */;
			compatibilityVersion = "Xcode 14.0";
			developmentRegion = en;
			hasScannedForEncodings = 0;
			knownRegions = (
				en,
				Base,
			);
			mainGroup = BFE60AC72C4418E200E8AB67;
			productRefGroup = BFE60AD12C4418E200E8AB67 /* Products */;
			projectDirPath = "";
			projectRoot = "";
			targets = (
				BFE60ACF2C4418E200E8AB67 /* RemindWall */,
				BF29730C2C8667AC0029F361 /* RemindWalliOS */,
			);
		};
/* End PBXProject section */

/* Begin PBXResourcesBuildPhase section */
		BF29730B2C8667AC0029F361 /* Resources */ = {
			isa = PBXResourcesBuildPhase;
			buildActionMask = 2147483647;
			files = (
				BF2973192C8667AD0029F361 /* Preview Assets.xcassets in Resources */,
				BF2973162C8667AD0029F361 /* Assets.xcassets in Resources */,
			);
			runOnlyForDeploymentPostprocessing = 0;
		};
		BFE60ACE2C4418E200E8AB67 /* Resources */ = {
			isa = PBXResourcesBuildPhase;
			buildActionMask = 2147483647;
			files = (
				BFE60ADE2C4418E300E8AB67 /* Preview Assets.xcassets in Resources */,
				BFE60ADA2C4418E300E8AB67 /* Assets.xcassets in Resources */,
			);
			runOnlyForDeploymentPostprocessing = 0;
		};
/* End PBXResourcesBuildPhase section */

/* Begin PBXSourcesBuildPhase section */
		BF2973092C8667AC0029F361 /* Sources */ = {
			isa = PBXSourcesBuildPhase;
			buildActionMask = 2147483647;
			files = (
				BF2973102C8667AC0029F361 /* RemindWalliOSApp.swift in Sources */,
			);
			runOnlyForDeploymentPostprocessing = 0;
		};
		BFE60ACC2C4418E200E8AB67 /* Sources */ = {
			isa = PBXSourcesBuildPhase;
			buildActionMask = 2147483647;
			files = (
				BFE60AD42C4418E200E8AB67 /* RemindWallApp.swift in Sources */,
			);
			runOnlyForDeploymentPostprocessing = 0;
		};
/* End PBXSourcesBuildPhase section */

/* Begin XCBuildConfiguration section */
		BF29731A2C8667AD0029F361 /* Debug */ = {
			isa = XCBuildConfiguration;
			buildSettings = {
				ASSETCATALOG_COMPILER_APPICON_NAME = AppIcon;
				ASSETCATALOG_COMPILER_GLOBAL_ACCENT_COLOR_NAME = AccentColor;
				CODE_SIGN_ENTITLEMENTS = RemindWalliOS/RemindWalliOS.entitlements;
				CODE_SIGN_STYLE = Automatic;
				CURRENT_PROJECT_VERSION = 1;
				DEVELOPMENT_ASSET_PATHS = "\"RemindWalliOS/Preview Content\"";
				DEVELOPMENT_TEAM = G53N9PU948;
				ENABLE_PREVIEWS = YES;
				GENERATE_INFOPLIST_FILE = YES;
				INFOPLIST_FILE = RemindWalliOS/Info.plist;
				INFOPLIST_KEY_CFBundleDisplayName = RemindWall;
				INFOPLIST_KEY_LSApplicationCategoryType = "public.app-category.lifestyle";
				INFOPLIST_KEY_NSPhotoLibraryUsageDescription = "The application idles by showing a slideshow";
				INFOPLIST_KEY_UIApplicationSceneManifest_Generation = YES;
				INFOPLIST_KEY_UIApplicationSupportsIndirectInputEvents = YES;
				INFOPLIST_KEY_UILaunchScreen_Generation = YES;
				INFOPLIST_KEY_UIRequiresFullScreen = YES;
				INFOPLIST_KEY_UISupportedInterfaceOrientations = "UIInterfaceOrientationPortrait UIInterfaceOrientationPortraitUpsideDown";
				LD_RUNPATH_SEARCH_PATHS = (
					"$(inherited)",
					"@executable_path/Frameworks",
				);
				MARKETING_VERSION = 2.3;
				PRODUCT_BUNDLE_IDENTIFIER = io.hotchkiss.mrAnderson.RemindWalliOS;
				PRODUCT_NAME = "$(TARGET_NAME)";
				SDKROOT = iphoneos;
				SUPPORTED_PLATFORMS = "iphoneos iphonesimulator";
				SUPPORTS_MACCATALYST = NO;
				SUPPORTS_MAC_DESIGNED_FOR_IPHONE_IPAD = NO;
				SWIFT_EMIT_LOC_STRINGS = YES;
				SWIFT_VERSION = 5.0;
				TARGETED_DEVICE_FAMILY = "1,2";
			};
			name = Debug;
		};
		BF29731B2C8667AD0029F361 /* Release */ = {
			isa = XCBuildConfiguration;
			buildSettings = {
				ASSETCATALOG_COMPILER_APPICON_NAME = AppIcon;
				ASSETCATALOG_COMPILER_GLOBAL_ACCENT_COLOR_NAME = AccentColor;
				CODE_SIGN_ENTITLEMENTS = RemindWalliOS/RemindWalliOS.entitlements;
				CODE_SIGN_STYLE = Automatic;
				CURRENT_PROJECT_VERSION = 1;
				DEVELOPMENT_ASSET_PATHS = "\"RemindWalliOS/Preview Content\"";
				DEVELOPMENT_TEAM = G53N9PU948;
				ENABLE_PREVIEWS = YES;
				GENERATE_INFOPLIST_FILE = YES;
				INFOPLIST_FILE = RemindWalliOS/Info.plist;
				INFOPLIST_KEY_CFBundleDisplayName = RemindWall;
				INFOPLIST_KEY_LSApplicationCategoryType = "public.app-category.lifestyle";
				INFOPLIST_KEY_NSPhotoLibraryUsageDescription = "The application idles by showing a slideshow";
				INFOPLIST_KEY_UIApplicationSceneManifest_Generation = YES;
				INFOPLIST_KEY_UIApplicationSupportsIndirectInputEvents = YES;
				INFOPLIST_KEY_UILaunchScreen_Generation = YES;
				INFOPLIST_KEY_UIRequiresFullScreen = YES;
				INFOPLIST_KEY_UISupportedInterfaceOrientations = "UIInterfaceOrientationPortrait UIInterfaceOrientationPortraitUpsideDown";
				LD_RUNPATH_SEARCH_PATHS = (
					"$(inherited)",
					"@executable_path/Frameworks",
				);
				MARKETING_VERSION = 2.3;
				PRODUCT_BUNDLE_IDENTIFIER = io.hotchkiss.mrAnderson.RemindWalliOS;
				PRODUCT_NAME = "$(TARGET_NAME)";
				SDKROOT = iphoneos;
				SUPPORTED_PLATFORMS = "iphoneos iphonesimulator";
				SUPPORTS_MACCATALYST = NO;
				SUPPORTS_MAC_DESIGNED_FOR_IPHONE_IPAD = NO;
				SWIFT_EMIT_LOC_STRINGS = YES;
				SWIFT_VERSION = 5.0;
				TARGETED_DEVICE_FAMILY = "1,2";
				VALIDATE_PRODUCT = YES;
			};
			name = Release;
		};
		BFE60ADF2C4418E300E8AB67 /* Debug */ = {
			isa = XCBuildConfiguration;
			buildSettings = {
				ALWAYS_SEARCH_USER_PATHS = NO;
				ASSETCATALOG_COMPILER_GENERATE_SWIFT_ASSET_SYMBOL_EXTENSIONS = YES;
				CLANG_ANALYZER_NONNULL = YES;
				CLANG_ANALYZER_NUMBER_OBJECT_CONVERSION = YES_AGGRESSIVE;
				CLANG_CXX_LANGUAGE_STANDARD = "gnu++20";
				CLANG_ENABLE_MODULES = YES;
				CLANG_ENABLE_OBJC_ARC = YES;
				CLANG_ENABLE_OBJC_WEAK = YES;
				CLANG_WARN_BLOCK_CAPTURE_AUTORELEASING = YES;
				CLANG_WARN_BOOL_CONVERSION = YES;
				CLANG_WARN_COMMA = YES;
				CLANG_WARN_CONSTANT_CONVERSION = YES;
				CLANG_WARN_DEPRECATED_OBJC_IMPLEMENTATIONS = YES;
				CLANG_WARN_DIRECT_OBJC_ISA_USAGE = YES_ERROR;
				CLANG_WARN_DOCUMENTATION_COMMENTS = YES;
				CLANG_WARN_EMPTY_BODY = YES;
				CLANG_WARN_ENUM_CONVERSION = YES;
				CLANG_WARN_INFINITE_RECURSION = YES;
				CLANG_WARN_INT_CONVERSION = YES;
				CLANG_WARN_NON_LITERAL_NULL_CONVERSION = YES;
				CLANG_WARN_OBJC_IMPLICIT_RETAIN_SELF = YES;
				CLANG_WARN_OBJC_LITERAL_CONVERSION = YES;
				CLANG_WARN_OBJC_ROOT_CLASS = YES_ERROR;
				CLANG_WARN_QUOTED_INCLUDE_IN_FRAMEWORK_HEADER = YES;
				CLANG_WARN_RANGE_LOOP_ANALYSIS = YES;
				CLANG_WARN_STRICT_PROTOTYPES = YES;
				CLANG_WARN_SUSPICIOUS_MOVE = YES;
				CLANG_WARN_UNGUARDED_AVAILABILITY = YES_AGGRESSIVE;
				CLANG_WARN_UNREACHABLE_CODE = YES;
				CLANG_WARN__DUPLICATE_METHOD_MATCH = YES;
				COPY_PHASE_STRIP = NO;
				DEBUG_INFORMATION_FORMAT = dwarf;
				ENABLE_STRICT_OBJC_MSGSEND = YES;
				ENABLE_TESTABILITY = YES;
				ENABLE_USER_SCRIPT_SANDBOXING = YES;
				GCC_C_LANGUAGE_STANDARD = gnu17;
				GCC_DYNAMIC_NO_PIC = NO;
				GCC_NO_COMMON_BLOCKS = YES;
				GCC_OPTIMIZATION_LEVEL = 0;
				GCC_PREPROCESSOR_DEFINITIONS = (
					"DEBUG=1",
					"$(inherited)",
				);
				GCC_WARN_64_TO_32_BIT_CONVERSION = YES;
				GCC_WARN_ABOUT_RETURN_TYPE = YES_ERROR;
				GCC_WARN_UNDECLARED_SELECTOR = YES;
				GCC_WARN_UNINITIALIZED_AUTOS = YES_AGGRESSIVE;
				GCC_WARN_UNUSED_FUNCTION = YES;
				GCC_WARN_UNUSED_VARIABLE = YES;
				IPHONEOS_DEPLOYMENT_TARGET = 17.5;
				LOCALIZATION_PREFERS_STRING_CATALOGS = YES;
				MTL_ENABLE_DEBUG_INFO = INCLUDE_SOURCE;
				MTL_FAST_MATH = YES;
				ONLY_ACTIVE_ARCH = YES;
				SWIFT_ACTIVE_COMPILATION_CONDITIONS = "DEBUG $(inherited)";
				SWIFT_OPTIMIZATION_LEVEL = "-Onone";
				SWIFT_STRICT_CONCURRENCY = complete;
			};
			name = Debug;
		};
		BFE60AE02C4418E300E8AB67 /* Release */ = {
			isa = XCBuildConfiguration;
			buildSettings = {
				ALWAYS_SEARCH_USER_PATHS = NO;
				ASSETCATALOG_COMPILER_GENERATE_SWIFT_ASSET_SYMBOL_EXTENSIONS = YES;
				CLANG_ANALYZER_NONNULL = YES;
				CLANG_ANALYZER_NUMBER_OBJECT_CONVERSION = YES_AGGRESSIVE;
				CLANG_CXX_LANGUAGE_STANDARD = "gnu++20";
				CLANG_ENABLE_MODULES = YES;
				CLANG_ENABLE_OBJC_ARC = YES;
				CLANG_ENABLE_OBJC_WEAK = YES;
				CLANG_WARN_BLOCK_CAPTURE_AUTORELEASING = YES;
				CLANG_WARN_BOOL_CONVERSION = YES;
				CLANG_WARN_COMMA = YES;
				CLANG_WARN_CONSTANT_CONVERSION = YES;
				CLANG_WARN_DEPRECATED_OBJC_IMPLEMENTATIONS = YES;
				CLANG_WARN_DIRECT_OBJC_ISA_USAGE = YES_ERROR;
				CLANG_WARN_DOCUMENTATION_COMMENTS = YES;
				CLANG_WARN_EMPTY_BODY = YES;
				CLANG_WARN_ENUM_CONVERSION = YES;
				CLANG_WARN_INFINITE_RECURSION = YES;
				CLANG_WARN_INT_CONVERSION = YES;
				CLANG_WARN_NON_LITERAL_NULL_CONVERSION = YES;
				CLANG_WARN_OBJC_IMPLICIT_RETAIN_SELF = YES;
				CLANG_WARN_OBJC_LITERAL_CONVERSION = YES;
				CLANG_WARN_OBJC_ROOT_CLASS = YES_ERROR;
				CLANG_WARN_QUOTED_INCLUDE_IN_FRAMEWORK_HEADER = YES;
				CLANG_WARN_RANGE_LOOP_ANALYSIS = YES;
				CLANG_WARN_STRICT_PROTOTYPES = YES;
				CLANG_WARN_SUSPICIOUS_MOVE = YES;
				CLANG_WARN_UNGUARDED_AVAILABILITY = YES_AGGRESSIVE;
				CLANG_WARN_UNREACHABLE_CODE = YES;
				CLANG_WARN__DUPLICATE_METHOD_MATCH = YES;
				COPY_PHASE_STRIP = NO;
				DEBUG_INFORMATION_FORMAT = "dwarf-with-dsym";
				ENABLE_NS_ASSERTIONS = NO;
				ENABLE_STRICT_OBJC_MSGSEND = YES;
				ENABLE_USER_SCRIPT_SANDBOXING = YES;
				GCC_C_LANGUAGE_STANDARD = gnu17;
				GCC_NO_COMMON_BLOCKS = YES;
				GCC_WARN_64_TO_32_BIT_CONVERSION = YES;
				GCC_WARN_ABOUT_RETURN_TYPE = YES_ERROR;
				GCC_WARN_UNDECLARED_SELECTOR = YES;
				GCC_WARN_UNINITIALIZED_AUTOS = YES_AGGRESSIVE;
				GCC_WARN_UNUSED_FUNCTION = YES;
				GCC_WARN_UNUSED_VARIABLE = YES;
				IPHONEOS_DEPLOYMENT_TARGET = 17.5;
				LOCALIZATION_PREFERS_STRING_CATALOGS = YES;
				MTL_ENABLE_DEBUG_INFO = NO;
				MTL_FAST_MATH = YES;
				SWIFT_COMPILATION_MODE = wholemodule;
				SWIFT_STRICT_CONCURRENCY = complete;
			};
			name = Release;
		};
		BFE60AE22C4418E300E8AB67 /* Debug */ = {
			isa = XCBuildConfiguration;
			buildSettings = {
				ARCHS = arm64;
				ASSETCATALOG_COMPILER_APPICON_NAME = AppIcon;
				ASSETCATALOG_COMPILER_GLOBAL_ACCENT_COLOR_NAME = AccentColor;
				CODE_SIGN_ENTITLEMENTS = RemindWall/RemindWall.entitlements;
				CODE_SIGN_STYLE = Automatic;
				CURRENT_PROJECT_VERSION = 1;
				DEVELOPMENT_ASSET_PATHS = "\"RemindWall/Preview Content\"";
				DEVELOPMENT_TEAM = G53N9PU948;
				ENABLE_HARDENED_RUNTIME = YES;
				"ENABLE_HARDENED_RUNTIME[sdk=macosx*]" = YES;
				ENABLE_PREVIEWS = YES;
				GENERATE_INFOPLIST_FILE = YES;
				INFOPLIST_FILE = RemindWall/Info.plist;
				INFOPLIST_KEY_CFBundleDisplayName = RemindWall;
				INFOPLIST_KEY_LSApplicationCategoryType = "public.app-category.lifestyle";
				INFOPLIST_KEY_NSPhotoLibraryUsageDescription = "The application idles by showing a slideshow";
				"INFOPLIST_KEY_UIApplicationSceneManifest_Generation[sdk=iphoneos*]" = YES;
				"INFOPLIST_KEY_UIApplicationSceneManifest_Generation[sdk=iphonesimulator*]" = YES;
				"INFOPLIST_KEY_UIApplicationSupportsIndirectInputEvents[sdk=iphoneos*]" = YES;
				"INFOPLIST_KEY_UIApplicationSupportsIndirectInputEvents[sdk=iphonesimulator*]" = YES;
				"INFOPLIST_KEY_UILaunchScreen_Generation[sdk=iphoneos*]" = YES;
				"INFOPLIST_KEY_UILaunchScreen_Generation[sdk=iphonesimulator*]" = YES;
				"INFOPLIST_KEY_UIStatusBarStyle[sdk=iphoneos*]" = UIStatusBarStyleDefault;
				"INFOPLIST_KEY_UIStatusBarStyle[sdk=iphonesimulator*]" = UIStatusBarStyleDefault;
				INFOPLIST_KEY_UISupportedInterfaceOrientations_iPad = "UIInterfaceOrientationPortrait UIInterfaceOrientationPortraitUpsideDown UIInterfaceOrientationLandscapeLeft UIInterfaceOrientationLandscapeRight";
				INFOPLIST_KEY_UISupportedInterfaceOrientations_iPhone = "UIInterfaceOrientationPortrait UIInterfaceOrientationLandscapeLeft UIInterfaceOrientationLandscapeRight";
				IPHONEOS_DEPLOYMENT_TARGET = 17.5;
				LD_RUNPATH_SEARCH_PATHS = "@executable_path/Frameworks";
				"LD_RUNPATH_SEARCH_PATHS[sdk=macosx*]" = "@executable_path/../Frameworks";
				MACOSX_DEPLOYMENT_TARGET = 14.0;
				MARKETING_VERSION = 2.3;
				PRODUCT_BUNDLE_IDENTIFIER = com.RemindWall.RemindWallCloud;
				PRODUCT_NAME = "$(TARGET_NAME)";
				SDKROOT = auto;
				SUPPORTED_PLATFORMS = "iphoneos iphonesimulator";
				SUPPORTS_MACCATALYST = YES;
				SWIFT_EMIT_LOC_STRINGS = YES;
				SWIFT_VERSION = 5.0;
				TARGETED_DEVICE_FAMILY = 2;
			};
			name = Debug;
		};
		BFE60AE32C4418E300E8AB67 /* Release */ = {
			isa = XCBuildConfiguration;
			buildSettings = {
				ARCHS = arm64;
				ASSETCATALOG_COMPILER_APPICON_NAME = AppIcon;
				ASSETCATALOG_COMPILER_GLOBAL_ACCENT_COLOR_NAME = AccentColor;
				CODE_SIGN_ENTITLEMENTS = RemindWall/RemindWall.entitlements;
				CODE_SIGN_STYLE = Automatic;
				CURRENT_PROJECT_VERSION = 1;
				DEVELOPMENT_ASSET_PATHS = "\"RemindWall/Preview Content\"";
				DEVELOPMENT_TEAM = G53N9PU948;
				ENABLE_HARDENED_RUNTIME = YES;
				"ENABLE_HARDENED_RUNTIME[sdk=macosx*]" = YES;
				ENABLE_PREVIEWS = YES;
				GENERATE_INFOPLIST_FILE = YES;
				INFOPLIST_FILE = RemindWall/Info.plist;
				INFOPLIST_KEY_CFBundleDisplayName = RemindWall;
				INFOPLIST_KEY_LSApplicationCategoryType = "public.app-category.lifestyle";
				INFOPLIST_KEY_NSPhotoLibraryUsageDescription = "The application idles by showing a slideshow";
				"INFOPLIST_KEY_UIApplicationSceneManifest_Generation[sdk=iphoneos*]" = YES;
				"INFOPLIST_KEY_UIApplicationSceneManifest_Generation[sdk=iphonesimulator*]" = YES;
				"INFOPLIST_KEY_UIApplicationSupportsIndirectInputEvents[sdk=iphoneos*]" = YES;
				"INFOPLIST_KEY_UIApplicationSupportsIndirectInputEvents[sdk=iphonesimulator*]" = YES;
				"INFOPLIST_KEY_UILaunchScreen_Generation[sdk=iphoneos*]" = YES;
				"INFOPLIST_KEY_UILaunchScreen_Generation[sdk=iphonesimulator*]" = YES;
				"INFOPLIST_KEY_UIStatusBarStyle[sdk=iphoneos*]" = UIStatusBarStyleDefault;
				"INFOPLIST_KEY_UIStatusBarStyle[sdk=iphonesimulator*]" = UIStatusBarStyleDefault;
				INFOPLIST_KEY_UISupportedInterfaceOrientations_iPad = "UIInterfaceOrientationPortrait UIInterfaceOrientationPortraitUpsideDown UIInterfaceOrientationLandscapeLeft UIInterfaceOrientationLandscapeRight";
				INFOPLIST_KEY_UISupportedInterfaceOrientations_iPhone = "UIInterfaceOrientationPortrait UIInterfaceOrientationLandscapeLeft UIInterfaceOrientationLandscapeRight";
				IPHONEOS_DEPLOYMENT_TARGET = 17.5;
				LD_RUNPATH_SEARCH_PATHS = "@executable_path/Frameworks";
				"LD_RUNPATH_SEARCH_PATHS[sdk=macosx*]" = "@executable_path/../Frameworks";
				MACOSX_DEPLOYMENT_TARGET = 14.0;
				MARKETING_VERSION = 2.3;
				PRODUCT_BUNDLE_IDENTIFIER = com.RemindWall.RemindWallCloud;
				PRODUCT_NAME = "$(TARGET_NAME)";
				SDKROOT = auto;
				SUPPORTED_PLATFORMS = "iphoneos iphonesimulator";
				SUPPORTS_MACCATALYST = YES;
				SWIFT_EMIT_LOC_STRINGS = YES;
				SWIFT_VERSION = 5.0;
				TARGETED_DEVICE_FAMILY = 2;
			};
			name = Release;
		};
/* End XCBuildConfiguration section */

/* Begin XCConfigurationList section */
		BF29731C2C8667AD0029F361 /* Build configuration list for PBXNativeTarget "RemindWalliOS" */ = {
			isa = XCConfigurationList;
			buildConfigurations = (
				BF29731A2C8667AD0029F361 /* Debug */,
				BF29731B2C8667AD0029F361 /* Release */,
			);
			defaultConfigurationIsVisible = 0;
			defaultConfigurationName = Release;
		};
		BFE60ACB2C4418E200E8AB67 /* Build configuration list for PBXProject "RemindWall" */ = {
			isa = XCConfigurationList;
			buildConfigurations = (
				BFE60ADF2C4418E300E8AB67 /* Debug */,
				BFE60AE02C4418E300E8AB67 /* Release */,
			);
			defaultConfigurationIsVisible = 0;
			defaultConfigurationName = Release;
		};
		BFE60AE12C4418E300E8AB67 /* Build configuration list for PBXNativeTarget "RemindWall" */ = {
			isa = XCConfigurationList;
			buildConfigurations = (
				BFE60AE22C4418E300E8AB67 /* Debug */,
				BFE60AE32C4418E300E8AB67 /* Release */,
			);
			defaultConfigurationIsVisible = 0;
			defaultConfigurationName = Release;
		};
/* End XCConfigurationList section */

/* Begin XCSwiftPackageProductDependency section */
		BF29731E2C86688C0029F361 /* AppNavigation */ = {
			isa = XCSwiftPackageProductDependency;
			productName = AppNavigation;
		};
		BF4E60BE2C44458200BAC4F2 /* EditSettings */ = {
			isa = XCSwiftPackageProductDependency;
			productName = EditSettings;
		};
		BFE60AE82C441A0900E8AB67 /* AppNavigation */ = {
			isa = XCSwiftPackageProductDependency;
			productName = AppNavigation;
		};
/* End XCSwiftPackageProductDependency section */
	};
	rootObject = BFE60AC82C4418E200E8AB67 /* Project object */;
}
