{
  "originHash" : "7cd4433319fa11aebca9711f311cbfc7b46a1c91574e8ab78169b0b6c38fef58",
  "pins" : [
    {
      "identity" : "libnfcswift",
      "kind" : "remoteSourceControl",
      "location" : "https://github.com/chotchki/LibNFCSwift.git",
      "state" : {
        "revision" : "13311c0b164c6f3de63efd808fb37dee596b97d6",
        "version" : "0.1.2"
      }
    }
  ],
  "version" : 3
}
