{
  "originHash" : "d08597ff06bbe177c69d9599d8a919169f54820690790e41d7ea00bdb29230ec",
  "pins" : [
    {
      "identity" : "swift-concurrency-deadline",
      "kind" : "remoteSourceControl",
      "location" : "https://github.com/ph1ps/swift-concurrency-deadline.git",
      "state" : {
        "revision" : "435251f9f98f30f62f35d1b4512666df10df09aa",
        "version" : "1.0.0"
      }
    }
  ],
  "version" : 3
}
